
Microsoft Visual Studio Solution File, Format Version 12.00
# Visual Studio Version 17
VisualStudioVersion = 17.7.34031.279
MinimumVisualStudioVersion = 10.0.40219.1
Project("{FAE04EC0-301F-11D3-BF4B-00C04F79EFBC}") = "Notification", "VO_BubbleBallon\Notification.csproj", "{CF55F0A8-6B4F-45BA-884C-7E5BCA69BA5A}"
EndProject
Project("{FAE04EC0-301F-11D3-BF4B-00C04F79EFBC}") = "NotificationDemo", "Notification Demo App\NotificationDemo.csproj", "{FCDC541D-7352-407B-846F-B35B764CC7D2}"
EndProject
Project("{2150E333-8FDC-42A3-9474-1A3956D46DE8}") = "Projektmappenelemente", "Projektmappenelemente", "{65BA7FA3-0857-4063-B25B-701823B26393}"
	ProjectSection(SolutionItems) = preProject
		Readme.md = Readme.md
	EndProjectSection
EndProject
Global
	GlobalSection(SolutionConfigurationPlatforms) = preSolution
		Debug|Any CPU = Debug|Any CPU
		Release|Any CPU = Release|Any CPU
	EndGlobalSection
	GlobalSection(ProjectConfigurationPlatforms) = postSolution
		{CF55F0A8-6B4F-45BA-884C-7E5BCA69BA5A}.Debug|Any CPU.ActiveCfg = Debug|Any CPU
		{CF55F0A8-6B4F-45BA-884C-7E5BCA69BA5A}.Debug|Any CPU.Build.0 = Debug|Any CPU
		{CF55F0A8-6B4F-45BA-884C-7E5BCA69BA5A}.Release|Any CPU.ActiveCfg = Release|Any CPU
		{CF55F0A8-6B4F-45BA-884C-7E5BCA69BA5A}.Release|Any CPU.Build.0 = Release|Any CPU
		{FCDC541D-7352-407B-846F-B35B764CC7D2}.Debug|Any CPU.ActiveCfg = Debug|Any CPU
		{FCDC541D-7352-407B-846F-B35B764CC7D2}.Debug|Any CPU.Build.0 = Debug|Any CPU
		{FCDC541D-7352-407B-846F-B35B764CC7D2}.Release|Any CPU.ActiveCfg = Release|Any CPU
		{FCDC541D-7352-407B-846F-B35B764CC7D2}.Release|Any CPU.Build.0 = Release|Any CPU
	EndGlobalSection
	GlobalSection(SolutionProperties) = preSolution
		HideSolutionNode = FALSE
	EndGlobalSection
	GlobalSection(ExtensibilityGlobals) = postSolution
		SolutionGuid = {C1F97595-2F76-4DA5-8BB3-2B9B89F19748}
	EndGlobalSection
EndGlobal
